
Microsoft Visual Studio Solution File, Format Version 11.00
# Visual C# Express 2010
Project("{FAE04EC0-301F-11D3-BF4B-00C04F79EFBC}") = "Pizza", "Pizza\Pizza.csproj", "{7C56A6A1-40D6-43C2-B497-14A6A2943C81}"
EndProject
Project("{FAE04EC0-301F-11D3-BF4B-00C04F79EFBC}") = "DisplayHousePlants.cs", "DisplayHousePlants.cs\DisplayHousePlants.cs.csproj", "{7CA553F6-B259-4AED-A97C-CD4D0476C29A}"
EndProject
Project("{FAE04EC0-301F-11D3-BF4B-00C04F79EFBC}") = "TestCircles.cs", "TestCircles.cs\TestCircles.cs.csproj", "{CD5D31A8-044D-402E-974A-05FC52B8F582}"
EndProject
Project("{FAE04EC0-301F-11D3-BF4B-00C04F79EFBC}") = "DemoSquares.cs", "DemoSquares.cs\DemoSquares.cs.csproj", "{ED5BEFE8-5689-4CAF-903F-A6C1871805E9}"
EndProject
Global
	GlobalSection(SolutionConfigurationPlatforms) = preSolution
		Debug|x86 = Debug|x86
		Release|x86 = Release|x86
	EndGlobalSection
	GlobalSection(ProjectConfigurationPlatforms) = postSolution
		{7C56A6A1-40D6-43C2-B497-14A6A2943C81}.Debug|x86.ActiveCfg = Debug|x86
		{7C56A6A1-40D6-43C2-B497-14A6A2943C81}.Debug|x86.Build.0 = Debug|x86
		{7C56A6A1-40D6-43C2-B497-14A6A2943C81}.Release|x86.ActiveCfg = Release|x86
		{7C56A6A1-40D6-43C2-B497-14A6A2943C81}.Release|x86.Build.0 = Release|x86
		{7CA553F6-B259-4AED-A97C-CD4D0476C29A}.Debug|x86.ActiveCfg = Debug|x86
		{7CA553F6-B259-4AED-A97C-CD4D0476C29A}.Debug|x86.Build.0 = Debug|x86
		{7CA553F6-B259-4AED-A97C-CD4D0476C29A}.Release|x86.ActiveCfg = Release|x86
		{7CA553F6-B259-4AED-A97C-CD4D0476C29A}.Release|x86.Build.0 = Release|x86
		{CD5D31A8-044D-402E-974A-05FC52B8F582}.Debug|x86.ActiveCfg = Debug|x86
		{CD5D31A8-044D-402E-974A-05FC52B8F582}.Debug|x86.Build.0 = Debug|x86
		{CD5D31A8-044D-402E-974A-05FC52B8F582}.Release|x86.ActiveCfg = Release|x86
		{CD5D31A8-044D-402E-974A-05FC52B8F582}.Release|x86.Build.0 = Release|x86
		{ED5BEFE8-5689-4CAF-903F-A6C1871805E9}.Debug|x86.ActiveCfg = Debug|x86
		{ED5BEFE8-5689-4CAF-903F-A6C1871805E9}.Debug|x86.Build.0 = Debug|x86
		{ED5BEFE8-5689-4CAF-903F-A6C1871805E9}.Release|x86.ActiveCfg = Release|x86
		{ED5BEFE8-5689-4CAF-903F-A6C1871805E9}.Release|x86.Build.0 = Release|x86
	EndGlobalSection
	GlobalSection(SolutionProperties) = preSolution
		HideSolutionNode = FALSE
	EndGlobalSection
EndGlobal
